{
  "name": "@alexspirgel/video-sync",
  "version": "1.0.0",
  "lockfileVersion": 1,
  "requires": true,
  "dependencies": {
    "@alexspirgel/normalize-elements": {
      "version": "1.0.0",
      "resolved": "https://registry.npmjs.org/@alexspirgel/normalize-elements/-/normalize-elements-1.0.0.tgz",
      "integrity": "sha512-4XxUw7+sE64+8kYUA1mWEP8Toh0qzVJpbck6juLcJLoPj1mDHMLRKs78SEH+3kXigOE7WA6ACEskUQZlA1SzRA=="
    }
  }
}
